// !$*UTF8*$!
{
	archiveVersion = 1;
	classes = {
	};
	objectVersion = 56;
	objects = {

/* Begin PBXBuildFile section */
		964347CC299A626600896971 /* CircleImage.swift in Sources */ = {isa = PBXBuildFile; fileRef = 964347CB299A626600896971 /* CircleImage.swift */; };
		964347CE299A7D7B00896971 /* MapView.swift in Sources */ = {isa = PBXBuildFile; fileRef = 964347CD299A7D7B00896971 /* MapView.swift */; };
		964347D0299A82DE00896971 /* landmarkData.json in Resources */ = {isa = PBXBuildFile; fileRef = 964347CF299A82DE00896971 /* landmarkData.json */; };
		964347D2299A82F000896971 /* Landmark.swift in Sources */ = {isa = PBXBuildFile; fileRef = 964347D1299A82F000896971 /* Landmark.swift */; };
		964347D4299A848400896971 /* ModelData.swift in Sources */ = {isa = PBXBuildFile; fileRef = 964347D3299A848400896971 /* ModelData.swift */; };
		964347D9299A85D000896971 /* LandmarkRow.swift in Sources */ = {isa = PBXBuildFile; fileRef = 964347D8299A85D000896971 /* LandmarkRow.swift */; };
		964347DB299A8C4300896971 /* LandmarkList.swift in Sources */ = {isa = PBXBuildFile; fileRef = 964347DA299A8C4300896971 /* LandmarkList.swift */; };
		964347DD299A8DE800896971 /* LandmarkDetail.swift in Sources */ = {isa = PBXBuildFile; fileRef = 964347DC299A8DE800896971 /* LandmarkDetail.swift */; };
		969B2B8B299D1EF9002419B6 /* FavoriteButton.swift in Sources */ = {isa = PBXBuildFile; fileRef = 969B2B8A299D1EF9002419B6 /* FavoriteButton.swift */; };
		96C8F3DD299A5BA500BCDF87 /* apple_officail_swiftUI_tutorialApp.swift in Sources */ = {isa = PBXBuildFile; fileRef = 96C8F3DC299A5BA500BCDF87 /* apple_officail_swiftUI_tutorialApp.swift */; };
		96C8F3DF299A5BA500BCDF87 /* ContentView.swift in Sources */ = {isa = PBXBuildFile; fileRef = 96C8F3DE299A5BA500BCDF87 /* ContentView.swift */; };
		96C8F3E1299A5BA600BCDF87 /* Assets.xcassets in Resources */ = {isa = PBXBuildFile; fileRef = 96C8F3E0299A5BA600BCDF87 /* Assets.xcassets */; };
		96C8F3E4299A5BA600BCDF87 /* Preview Assets.xcassets in Resources */ = {isa = PBXBuildFile; fileRef = 96C8F3E3299A5BA600BCDF87 /* Preview Assets.xcassets */; };
/* End PBXBuildFile section */

/* Begin PBXFileReference section */
		964347CB299A626600896971 /* CircleImage.swift */ = {isa = PBXFileReference; lastKnownFileType = sourcecode.swift; path = CircleImage.swift; sourceTree = "<group>"; };
		964347CD299A7D7B00896971 /* MapView.swift */ = {isa = PBXFileReference; lastKnownFileType = sourcecode.swift; path = MapView.swift; sourceTree = "<group>"; };
		964347CF299A82DE00896971 /* landmarkData.json */ = {isa = PBXFileReference; fileEncoding = 4; lastKnownFileType = text.json; path = landmarkData.json; sourceTree = "<group>"; };
		964347D1299A82F000896971 /* Landmark.swift */ = {isa = PBXFileReference; lastKnownFileType = sourcecode.swift; path = Landmark.swift; sourceTree = "<group>"; };
		964347D3299A848400896971 /* ModelData.swift */ = {isa = PBXFileReference; lastKnownFileType = sourcecode.swift; path = ModelData.swift; sourceTree = "<group>"; };
		964347D8299A85D000896971 /* LandmarkRow.swift */ = {isa = PBXFileReference; lastKnownFileType = sourcecode.swift; path = LandmarkRow.swift; sourceTree = "<group>"; };
		964347DA299A8C4300896971 /* LandmarkList.swift */ = {isa = PBXFileReference; lastKnownFileType = sourcecode.swift; path = LandmarkList.swift; sourceTree = "<group>"; };
		964347DC299A8DE800896971 /* LandmarkDetail.swift */ = {isa = PBXFileReference; lastKnownFileType = sourcecode.swift; path = LandmarkDetail.swift; sourceTree = "<group>"; };
		969B2B8A299D1EF9002419B6 /* FavoriteButton.swift */ = {isa = PBXFileReference; lastKnownFileType = sourcecode.swift; path = FavoriteButton.swift; sourceTree = "<group>"; };
		96C8F3D9299A5BA500BCDF87 /* apple-officail-swiftUI-tutorial.app */ = {isa = PBXFileReference; explicitFileType = wrapper.application; includeInIndex = 0; path = "apple-officail-swiftUI-tutorial.app"; sourceTree = BUILT_PRODUCTS_DIR; };
		96C8F3DC299A5BA500BCDF87 /* apple_officail_swiftUI_tutorialApp.swift */ = {isa = PBXFileReference; lastKnownFileType = sourcecode.swift; path = apple_officail_swiftUI_tutorialApp.swift; sourceTree = "<group>"; };
		96C8F3DE299A5BA500BCDF87 /* ContentView.swift */ = {isa = PBXFileReference; lastKnownFileType = sourcecode.swift; path = ContentView.swift; sourceTree = "<group>"; };
		96C8F3E0299A5BA600BCDF87 /* Assets.xcassets */ = {isa = PBXFileReference; lastKnownFileType = folder.assetcatalog; path = Assets.xcassets; sourceTree = "<group>"; };
		96C8F3E3299A5BA600BCDF87 /* Preview Assets.xcassets */ = {isa = PBXFileReference; lastKnownFileType = folder.assetcatalog; path = "Preview Assets.xcassets"; sourceTree = "<group>"; };
/* End PBXFileReference section */

/* Begin PBXFrameworksBuildPhase section */
		96C8F3D6299A5BA500BCDF87 /* Frameworks */ = {
			isa = PBXFrameworksBuildPhase;
			buildActionMask = 2147483647;
			files = (
			);
			runOnlyForDeploymentPostprocessing = 0;
		};
/* End PBXFrameworksBuildPhase section */

/* Begin PBXGroup section */
		964347D5299A850300896971 /* Views */ = {
			isa = PBXGroup;
			children = (
				96C8F3DE299A5BA500BCDF87 /* ContentView.swift */,
				969B2B8D299D1FAA002419B6 /* Landmarks */,
				969B2B8C299D1F95002419B6 /* Helpers */,
			);
			path = Views;
			sourceTree = "<group>";
		};
		964347D6299A852000896971 /* Model */ = {
			isa = PBXGroup;
			children = (
				964347D3299A848400896971 /* ModelData.swift */,
				964347D1299A82F000896971 /* Landmark.swift */,
			);
			path = Model;
			sourceTree = "<group>";
		};
		964347D7299A85A100896971 /* Resources */ = {
			isa = PBXGroup;
			children = (
				964347CF299A82DE00896971 /* landmarkData.json */,
			);
			path = Resources;
			sourceTree = "<group>";
		};
		969B2B8C299D1F95002419B6 /* Helpers */ = {
			isa = PBXGroup;
			children = (
				969B2B8A299D1EF9002419B6 /* FavoriteButton.swift */,
				964347CD299A7D7B00896971 /* MapView.swift */,
				964347CB299A626600896971 /* CircleImage.swift */,
			);
			path = Helpers;
			sourceTree = "<group>";
		};
		969B2B8D299D1FAA002419B6 /* Landmarks */ = {
			isa = PBXGroup;
			children = (
				964347D8299A85D000896971 /* LandmarkRow.swift */,
				964347DA299A8C4300896971 /* LandmarkList.swift */,
				964347DC299A8DE800896971 /* LandmarkDetail.swift */,
			);
			path = Landmarks;
			sourceTree = "<group>";
		};
		96C8F3D0299A5BA500BCDF87 = {
			isa = PBXGroup;
			children = (
				96C8F3DB299A5BA500BCDF87 /* apple-officail-swiftUI-tutorial */,
				96C8F3DA299A5BA500BCDF87 /* Products */,
			);
			sourceTree = "<group>";
		};
		96C8F3DA299A5BA500BCDF87 /* Products */ = {
			isa = PBXGroup;
			children = (
				96C8F3D9299A5BA500BCDF87 /* apple-officail-swiftUI-tutorial.app */,
			);
			name = Products;
			sourceTree = "<group>";
		};
		96C8F3DB299A5BA500BCDF87 /* apple-officail-swiftUI-tutorial */ = {
			isa = PBXGroup;
			children = (
				96C8F3DC299A5BA500BCDF87 /* apple_officail_swiftUI_tutorialApp.swift */,
				964347D5299A850300896971 /* Views */,
				964347D6299A852000896971 /* Model */,
				964347D7299A85A100896971 /* Resources */,
				96C8F3E0299A5BA600BCDF87 /* Assets.xcassets */,
				96C8F3E2299A5BA600BCDF87 /* Preview Content */,
			);
			path = "apple-officail-swiftUI-tutorial";
			sourceTree = "<group>";
		};
		96C8F3E2299A5BA600BCDF87 /* Preview Content */ = {
			isa = PBXGroup;
			children = (
				96C8F3E3299A5BA600BCDF87 /* Preview Assets.xcassets */,
			);
			path = "Preview Content";
			sourceTree = "<group>";
		};
/* End PBXGroup section */

/* Begin PBXNativeTarget section */
		96C8F3D8299A5BA500BCDF87 /* apple-officail-swiftUI-tutorial */ = {
			isa = PBXNativeTarget;
			buildConfigurationList = 96C8F3E7299A5BA600BCDF87 /* Build configuration list for PBXNativeTarget "apple-officail-swiftUI-tutorial" */;
			buildPhases = (
				96C8F3D5299A5BA500BCDF87 /* Sources */,
				96C8F3D6299A5BA500BCDF87 /* Frameworks */,
				96C8F3D7299A5BA500BCDF87 /* Resources */,
			);
			buildRules = (
			);
			dependencies = (
			);
			name = "apple-officail-swiftUI-tutorial";
			productName = "apple-officail-swiftUI-tutorial";
			productReference = 96C8F3D9299A5BA500BCDF87 /* apple-officail-swiftUI-tutorial.app */;
			productType = "com.apple.product-type.application";
		};
/* End PBXNativeTarget section */

/* Begin PBXProject section */
		96C8F3D1299A5BA500BCDF87 /* Project object */ = {
			isa = PBXProject;
			attributes = {
				BuildIndependentTargetsInParallel = 1;
				LastSwiftUpdateCheck = 1400;
				LastUpgradeCheck = 1400;
				TargetAttributes = {
					96C8F3D8299A5BA500BCDF87 = {
						CreatedOnToolsVersion = 14.0.1;
					};
				};
			};
			buildConfigurationList = 96C8F3D4299A5BA500BCDF87 /* Build configuration list for PBXProject "apple-officail-swiftUI-tutorial" */;
			compatibilityVersion = "Xcode 14.0";
			developmentRegion = en;
			hasScannedForEncodings = 0;
			knownRegions = (
				en,
				Base,
			);
			mainGroup = 96C8F3D0299A5BA500BCDF87;
			productRefGroup = 96C8F3DA299A5BA500BCDF87 /* Products */;
			projectDirPath = "";
			projectRoot = "";
			targets = (
				96C8F3D8299A5BA500BCDF87 /* apple-officail-swiftUI-tutorial */,
			);
		};
/* End PBXProject section */

/* Begin PBXResourcesBuildPhase section */
		96C8F3D7299A5BA500BCDF87 /* Resources */ = {
			isa = PBXResourcesBuildPhase;
			buildActionMask = 2147483647;
			files = (
				96C8F3E4299A5BA600BCDF87 /* Preview Assets.xcassets in Resources */,
				96C8F3E1299A5BA600BCDF87 /* Assets.xcassets in Resources */,
				964347D0299A82DE00896971 /* landmarkData.json in Resources */,
			);
			runOnlyForDeploymentPostprocessing = 0;
		};
/* End PBXResourcesBuildPhase section */

/* Begin PBXSourcesBuildPhase section */
		96C8F3D5299A5BA500BCDF87 /* Sources */ = {
			isa = PBXSourcesBuildPhase;
			buildActionMask = 2147483647;
			files = (
				96C8F3DF299A5BA500BCDF87 /* ContentView.swift in Sources */,
				964347CE299A7D7B00896971 /* MapView.swift in Sources */,
				96C8F3DD299A5BA500BCDF87 /* apple_officail_swiftUI_tutorialApp.swift in Sources */,
				969B2B8B299D1EF9002419B6 /* FavoriteButton.swift in Sources */,
				964347DB299A8C4300896971 /* LandmarkList.swift in Sources */,
				964347DD299A8DE800896971 /* LandmarkDetail.swift in Sources */,
				964347CC299A626600896971 /* CircleImage.swift in Sources */,
				964347D2299A82F000896971 /* Landmark.swift in Sources */,
				964347D9299A85D000896971 /* LandmarkRow.swift in Sources */,
				964347D4299A848400896971 /* ModelData.swift in Sources */,
			);
			runOnlyForDeploymentPostprocessing = 0;
		};
/* End PBXSourcesBuildPhase section */

/* Begin XCBuildConfiguration section */
		96C8F3E5299A5BA600BCDF87 /* Debug */ = {
			isa = XCBuildConfiguration;
			buildSettings = {
				ALWAYS_SEARCH_USER_PATHS = NO;
				CLANG_ANALYZER_NONNULL = YES;
				CLANG_ANALYZER_NUMBER_OBJECT_CONVERSION = YES_AGGRESSIVE;
				CLANG_CXX_LANGUAGE_STANDARD = "gnu++20";
				CLANG_ENABLE_MODULES = YES;
				CLANG_ENABLE_OBJC_ARC = YES;
				CLANG_ENABLE_OBJC_WEAK = YES;
				CLANG_WARN_BLOCK_CAPTURE_AUTORELEASING = YES;
				CLANG_WARN_BOOL_CONVERSION = YES;
				CLANG_WARN_COMMA = YES;
				CLANG_WARN_CONSTANT_CONVERSION = YES;
				CLANG_WARN_DEPRECATED_OBJC_IMPLEMENTATIONS = YES;
				CLANG_WARN_DIRECT_OBJC_ISA_USAGE = YES_ERROR;
				CLANG_WARN_DOCUMENTATION_COMMENTS = YES;
				CLANG_WARN_EMPTY_BODY = YES;
				CLANG_WARN_ENUM_CONVERSION = YES;
				CLANG_WARN_INFINITE_RECURSION = YES;
				CLANG_WARN_INT_CONVERSION = YES;
				CLANG_WARN_NON_LITERAL_NULL_CONVERSION = YES;
				CLANG_WARN_OBJC_IMPLICIT_RETAIN_SELF = YES;
				CLANG_WARN_OBJC_LITERAL_CONVERSION = YES;
				CLANG_WARN_OBJC_ROOT_CLASS = YES_ERROR;
				CLANG_WARN_QUOTED_INCLUDE_IN_FRAMEWORK_HEADER = YES;
				CLANG_WARN_RANGE_LOOP_ANALYSIS = YES;
				CLANG_WARN_STRICT_PROTOTYPES = YES;
				CLANG_WARN_SUSPICIOUS_MOVE = YES;
				CLANG_WARN_UNGUARDED_AVAILABILITY = YES_AGGRESSIVE;
				CLANG_WARN_UNREACHABLE_CODE = YES;
				CLANG_WARN__DUPLICATE_METHOD_MATCH = YES;
				COPY_PHASE_STRIP = NO;
				DEBUG_INFORMATION_FORMAT = dwarf;
				ENABLE_STRICT_OBJC_MSGSEND = YES;
				ENABLE_TESTABILITY = YES;
				GCC_C_LANGUAGE_STANDARD = gnu11;
				GCC_DYNAMIC_NO_PIC = NO;
				GCC_NO_COMMON_BLOCKS = YES;
				GCC_OPTIMIZATION_LEVEL = 0;
				GCC_PREPROCESSOR_DEFINITIONS = (
					"DEBUG=1",
					"$(inherited)",
				);
				GCC_WARN_64_TO_32_BIT_CONVERSION = YES;
				GCC_WARN_ABOUT_RETURN_TYPE = YES_ERROR;
				GCC_WARN_UNDECLARED_SELECTOR = YES;
				GCC_WARN_UNINITIALIZED_AUTOS = YES_AGGRESSIVE;
				GCC_WARN_UNUSED_FUNCTION = YES;
				GCC_WARN_UNUSED_VARIABLE = YES;
				IPHONEOS_DEPLOYMENT_TARGET = 16.0;
				MTL_ENABLE_DEBUG_INFO = INCLUDE_SOURCE;
				MTL_FAST_MATH = YES;
				ONLY_ACTIVE_ARCH = YES;
				SDKROOT = iphoneos;
				SWIFT_ACTIVE_COMPILATION_CONDITIONS = DEBUG;
				SWIFT_OPTIMIZATION_LEVEL = "-Onone";
			};
			name = Debug;
		};
		96C8F3E6299A5BA600BCDF87 /* Release */ = {
			isa = XCBuildConfiguration;
			buildSettings = {
				ALWAYS_SEARCH_USER_PATHS = NO;
				CLANG_ANALYZER_NONNULL = YES;
				CLANG_ANALYZER_NUMBER_OBJECT_CONVERSION = YES_AGGRESSIVE;
				CLANG_CXX_LANGUAGE_STANDARD = "gnu++20";
				CLANG_ENABLE_MODULES = YES;
				CLANG_ENABLE_OBJC_ARC = YES;
				CLANG_ENABLE_OBJC_WEAK = YES;
				CLANG_WARN_BLOCK_CAPTURE_AUTORELEASING = YES;
				CLANG_WARN_BOOL_CONVERSION = YES;
				CLANG_WARN_COMMA = YES;
				CLANG_WARN_CONSTANT_CONVERSION = YES;
				CLANG_WARN_DEPRECATED_OBJC_IMPLEMENTATIONS = YES;
				CLANG_WARN_DIRECT_OBJC_ISA_USAGE = YES_ERROR;
				CLANG_WARN_DOCUMENTATION_COMMENTS = YES;
				CLANG_WARN_EMPTY_BODY = YES;
				CLANG_WARN_ENUM_CONVERSION = YES;
				CLANG_WARN_INFINITE_RECURSION = YES;
				CLANG_WARN_INT_CONVERSION = YES;
				CLANG_WARN_NON_LITERAL_NULL_CONVERSION = YES;
				CLANG_WARN_OBJC_IMPLICIT_RETAIN_SELF = YES;
				CLANG_WARN_OBJC_LITERAL_CONVERSION = YES;
				CLANG_WARN_OBJC_ROOT_CLASS = YES_ERROR;
				CLANG_WARN_QUOTED_INCLUDE_IN_FRAMEWORK_HEADER = YES;
				CLANG_WARN_RANGE_LOOP_ANALYSIS = YES;
				CLANG_WARN_STRICT_PROTOTYPES = YES;
				CLANG_WARN_SUSPICIOUS_MOVE = YES;
				CLANG_WARN_UNGUARDED_AVAILABILITY = YES_AGGRESSIVE;
				CLANG_WARN_UNREACHABLE_CODE = YES;
				CLANG_WARN__DUPLICATE_METHOD_MATCH = YES;
				COPY_PHASE_STRIP = NO;
				DEBUG_INFORMATION_FORMAT = "dwarf-with-dsym";
				ENABLE_NS_ASSERTIONS = NO;
				ENABLE_STRICT_OBJC_MSGSEND = YES;
				GCC_C_LANGUAGE_STANDARD = gnu11;
				GCC_NO_COMMON_BLOCKS = YES;
				GCC_WARN_64_TO_32_BIT_CONVERSION = YES;
				GCC_WARN_ABOUT_RETURN_TYPE = YES_ERROR;
				GCC_WARN_UNDECLARED_SELECTOR = YES;
				GCC_WARN_UNINITIALIZED_AUTOS = YES_AGGRESSIVE;
				GCC_WARN_UNUSED_FUNCTION = YES;
				GCC_WARN_UNUSED_VARIABLE = YES;
				IPHONEOS_DEPLOYMENT_TARGET = 16.0;
				MTL_ENABLE_DEBUG_INFO = NO;
				MTL_FAST_MATH = YES;
				SDKROOT = iphoneos;
				SWIFT_COMPILATION_MODE = wholemodule;
				SWIFT_OPTIMIZATION_LEVEL = "-O";
				VALIDATE_PRODUCT = YES;
			};
			name = Release;
		};
		96C8F3E8299A5BA600BCDF87 /* Debug */ = {
			isa = XCBuildConfiguration;
			buildSettings = {
				ASSETCATALOG_COMPILER_APPICON_NAME = AppIcon;
				ASSETCATALOG_COMPILER_GLOBAL_ACCENT_COLOR_NAME = AccentColor;
				CODE_SIGN_STYLE = Automatic;
				CURRENT_PROJECT_VERSION = 1;
				DEVELOPMENT_ASSET_PATHS = "\"apple-officail-swiftUI-tutorial/Preview Content\"";
				DEVELOPMENT_TEAM = 953MN679AJ;
				ENABLE_PREVIEWS = YES;
				GENERATE_INFOPLIST_FILE = YES;
				INFOPLIST_KEY_UIApplicationSceneManifest_Generation = YES;
				INFOPLIST_KEY_UIApplicationSupportsIndirectInputEvents = YES;
				INFOPLIST_KEY_UILaunchScreen_Generation = YES;
				INFOPLIST_KEY_UISupportedInterfaceOrientations_iPad = "UIInterfaceOrientationPortrait UIInterfaceOrientationPortraitUpsideDown UIInterfaceOrientationLandscapeLeft UIInterfaceOrientationLandscapeRight";
				INFOPLIST_KEY_UISupportedInterfaceOrientations_iPhone = "UIInterfaceOrientationPortrait UIInterfaceOrientationLandscapeLeft UIInterfaceOrientationLandscapeRight";
				LD_RUNPATH_SEARCH_PATHS = (
					"$(inherited)",
					"@executable_path/Frameworks",
				);
				MARKETING_VERSION = 1.0;
				PRODUCT_BUNDLE_IDENTIFIER = com.one1color.com.example;
				PRODUCT_NAME = "$(TARGET_NAME)";
				SWIFT_EMIT_LOC_STRINGS = YES;
				SWIFT_VERSION = 5.0;
				TARGETED_DEVICE_FAMILY = "1,2";
			};
			name = Debug;
		};
		96C8F3E9299A5BA600BCDF87 /* Release */ = {
			isa = XCBuildConfiguration;
			buildSettings = {
				ASSETCATALOG_COMPILER_APPICON_NAME = AppIcon;
				ASSETCATALOG_COMPILER_GLOBAL_ACCENT_COLOR_NAME = AccentColor;
				CODE_SIGN_STYLE = Automatic;
				CURRENT_PROJECT_VERSION = 1;
				DEVELOPMENT_ASSET_PATHS = "\"apple-officail-swiftUI-tutorial/Preview Content\"";
				DEVELOPMENT_TEAM = 953MN679AJ;
				ENABLE_PREVIEWS = YES;
				GENERATE_INFOPLIST_FILE = YES;
				INFOPLIST_KEY_UIApplicationSceneManifest_Generation = YES;
				INFOPLIST_KEY_UIApplicationSupportsIndirectInputEvents = YES;
				INFOPLIST_KEY_UILaunchScreen_Generation = YES;
				INFOPLIST_KEY_UISupportedInterfaceOrientations_iPad = "UIInterfaceOrientationPortrait UIInterfaceOrientationPortraitUpsideDown UIInterfaceOrientationLandscapeLeft UIInterfaceOrientationLandscapeRight";
				INFOPLIST_KEY_UISupportedInterfaceOrientations_iPhone = "UIInterfaceOrientationPortrait UIInterfaceOrientationLandscapeLeft UIInterfaceOrientationLandscapeRight";
				LD_RUNPATH_SEARCH_PATHS = (
					"$(inherited)",
					"@executable_path/Frameworks",
				);
				MARKETING_VERSION = 1.0;
				PRODUCT_BUNDLE_IDENTIFIER = com.one1color.com.example;
				PRODUCT_NAME = "$(TARGET_NAME)";
				SWIFT_EMIT_LOC_STRINGS = YES;
				SWIFT_VERSION = 5.0;
				TARGETED_DEVICE_FAMILY = "1,2";
			};
			name = Release;
		};
/* End XCBuildConfiguration section */

/* Begin XCConfigurationList section */
		96C8F3D4299A5BA500BCDF87 /* Build configuration list for PBXProject "apple-officail-swiftUI-tutorial" */ = {
			isa = XCConfigurationList;
			buildConfigurations = (
				96C8F3E5299A5BA600BCDF87 /* Debug */,
				96C8F3E6299A5BA600BCDF87 /* Release */,
			);
			defaultConfigurationIsVisible = 0;
			defaultConfigurationName = Release;
		};
		96C8F3E7299A5BA600BCDF87 /* Build configuration list for PBXNativeTarget "apple-officail-swiftUI-tutorial" */ = {
			isa = XCConfigurationList;
			buildConfigurations = (
				96C8F3E8299A5BA600BCDF87 /* Debug */,
				96C8F3E9299A5BA600BCDF87 /* Release */,
			);
			defaultConfigurationIsVisible = 0;
			defaultConfigurationName = Release;
		};
/* End XCConfigurationList section */
	};
	rootObject = 96C8F3D1299A5BA500BCDF87 /* Project object */;
}
