// !$*UTF8*$!
{
	archiveVersion = 1;
	classes = {
	};
	objectVersion = 55;
	objects = {

/* Begin PBXBuildFile section */
		963927B928A26369003D119E /* SwiftUIFontIcon in Frameworks */ = {isa = PBXBuildFile; productRef = 963927B828A26369003D119E /* SwiftUIFontIcon */; };
		963927BC28A2643C003D119E /* TransactionListViewModel.swift in Sources */ = {isa = PBXBuildFile; fileRef = 963927BB28A2643C003D119E /* TransactionListViewModel.swift */; };
		963927BE28A26A08003D119E /* RecentTransactionList.swift in Sources */ = {isa = PBXBuildFile; fileRef = 963927BD28A26A08003D119E /* RecentTransactionList.swift */; };
		9665BBEF28A155F10091D03B /* Extensions.swift in Sources */ = {isa = PBXBuildFile; fileRef = 9665BBEE28A155F10091D03B /* Extensions.swift */; };
		9665BBF128A159370091D03B /* TransactionModel.swift in Sources */ = {isa = PBXBuildFile; fileRef = 9665BBF028A159370091D03B /* TransactionModel.swift */; };
		9665BBF528A15A2D0091D03B /* PreviewData.swift in Sources */ = {isa = PBXBuildFile; fileRef = 9665BBF428A15A2D0091D03B /* PreviewData.swift */; };
		9665BBF728A15AC80091D03B /* TransactionRow.swift in Sources */ = {isa = PBXBuildFile; fileRef = 9665BBF628A15AC80091D03B /* TransactionRow.swift */; };
		96DF62E6289AC99300A522C2 /* ExpenseTrackerTutorialApp.swift in Sources */ = {isa = PBXBuildFile; fileRef = 96DF62E5289AC99300A522C2 /* ExpenseTrackerTutorialApp.swift */; };
		96DF62E8289AC99300A522C2 /* ContentView.swift in Sources */ = {isa = PBXBuildFile; fileRef = 96DF62E7289AC99300A522C2 /* ContentView.swift */; };
		96DF62EA289AC99400A522C2 /* Assets.xcassets in Resources */ = {isa = PBXBuildFile; fileRef = 96DF62E9289AC99400A522C2 /* Assets.xcassets */; };
		96DF62ED289AC99400A522C2 /* Preview Assets.xcassets in Resources */ = {isa = PBXBuildFile; fileRef = 96DF62EC289AC99400A522C2 /* Preview Assets.xcassets */; };
		96F170C428C5F1EF00D8CACE /* TransactionList.swift in Sources */ = {isa = PBXBuildFile; fileRef = 96F170C328C5F1EF00D8CACE /* TransactionList.swift */; };
		96F170C728C5F89A00D8CACE /* Collections in Frameworks */ = {isa = PBXBuildFile; productRef = 96F170C628C5F89A00D8CACE /* Collections */; };
		96F170CA28C5F97200D8CACE /* SwiftUICharts in Frameworks */ = {isa = PBXBuildFile; productRef = 96F170C928C5F97200D8CACE /* SwiftUICharts */; };
/* End PBXBuildFile section */

/* Begin PBXFileReference section */
		963927BB28A2643C003D119E /* TransactionListViewModel.swift */ = {isa = PBXFileReference; lastKnownFileType = sourcecode.swift; path = TransactionListViewModel.swift; sourceTree = "<group>"; };
		963927BD28A26A08003D119E /* RecentTransactionList.swift */ = {isa = PBXFileReference; lastKnownFileType = sourcecode.swift; path = RecentTransactionList.swift; sourceTree = "<group>"; };
		9665BBEE28A155F10091D03B /* Extensions.swift */ = {isa = PBXFileReference; lastKnownFileType = sourcecode.swift; path = Extensions.swift; sourceTree = "<group>"; };
		9665BBF028A159370091D03B /* TransactionModel.swift */ = {isa = PBXFileReference; lastKnownFileType = sourcecode.swift; path = TransactionModel.swift; sourceTree = "<group>"; };
		9665BBF428A15A2D0091D03B /* PreviewData.swift */ = {isa = PBXFileReference; lastKnownFileType = sourcecode.swift; path = PreviewData.swift; sourceTree = "<group>"; };
		9665BBF628A15AC80091D03B /* TransactionRow.swift */ = {isa = PBXFileReference; lastKnownFileType = sourcecode.swift; path = TransactionRow.swift; sourceTree = "<group>"; };
		96DF62E2289AC99300A522C2 /* ExpenseTrackerTutorial.app */ = {isa = PBXFileReference; explicitFileType = wrapper.application; includeInIndex = 0; path = ExpenseTrackerTutorial.app; sourceTree = BUILT_PRODUCTS_DIR; };
		96DF62E5289AC99300A522C2 /* ExpenseTrackerTutorialApp.swift */ = {isa = PBXFileReference; lastKnownFileType = sourcecode.swift; path = ExpenseTrackerTutorialApp.swift; sourceTree = "<group>"; };
		96DF62E7289AC99300A522C2 /* ContentView.swift */ = {isa = PBXFileReference; lastKnownFileType = sourcecode.swift; path = ContentView.swift; sourceTree = "<group>"; };
		96DF62E9289AC99400A522C2 /* Assets.xcassets */ = {isa = PBXFileReference; lastKnownFileType = folder.assetcatalog; path = Assets.xcassets; sourceTree = "<group>"; };
		96DF62EC289AC99400A522C2 /* Preview Assets.xcassets */ = {isa = PBXFileReference; lastKnownFileType = folder.assetcatalog; path = "Preview Assets.xcassets"; sourceTree = "<group>"; };
		96F170C328C5F1EF00D8CACE /* TransactionList.swift */ = {isa = PBXFileReference; lastKnownFileType = sourcecode.swift; path = TransactionList.swift; sourceTree = "<group>"; };
/* End PBXFileReference section */

/* Begin PBXFrameworksBuildPhase section */
		96DF62DF289AC99300A522C2 /* Frameworks */ = {
			isa = PBXFrameworksBuildPhase;
			buildActionMask = 2147483647;
			files = (
				96F170CA28C5F97200D8CACE /* SwiftUICharts in Frameworks */,
				96F170C728C5F89A00D8CACE /* Collections in Frameworks */,
				963927B928A26369003D119E /* SwiftUIFontIcon in Frameworks */,
			);
			runOnlyForDeploymentPostprocessing = 0;
		};
/* End PBXFrameworksBuildPhase section */

/* Begin PBXGroup section */
		96DF62D9289AC99300A522C2 = {
			isa = PBXGroup;
			children = (
				96DF62E4289AC99300A522C2 /* ExpenseTrackerTutorial */,
				96DF62E3289AC99300A522C2 /* Products */,
			);
			sourceTree = "<group>";
		};
		96DF62E3289AC99300A522C2 /* Products */ = {
			isa = PBXGroup;
			children = (
				96DF62E2289AC99300A522C2 /* ExpenseTrackerTutorial.app */,
			);
			name = Products;
			sourceTree = "<group>";
		};
		96DF62E4289AC99300A522C2 /* ExpenseTrackerTutorial */ = {
			isa = PBXGroup;
			children = (
				96DF62E5289AC99300A522C2 /* ExpenseTrackerTutorialApp.swift */,
				9665BBF628A15AC80091D03B /* TransactionRow.swift */,
				963927BB28A2643C003D119E /* TransactionListViewModel.swift */,
				96F170C328C5F1EF00D8CACE /* TransactionList.swift */,
				96DF62E7289AC99300A522C2 /* ContentView.swift */,
				963927BD28A26A08003D119E /* RecentTransactionList.swift */,
				9665BBF028A159370091D03B /* TransactionModel.swift */,
				9665BBEE28A155F10091D03B /* Extensions.swift */,
				96DF62E9289AC99400A522C2 /* Assets.xcassets */,
				96DF62EB289AC99400A522C2 /* Preview Content */,
			);
			path = ExpenseTrackerTutorial;
			sourceTree = "<group>";
		};
		96DF62EB289AC99400A522C2 /* Preview Content */ = {
			isa = PBXGroup;
			children = (
				96DF62EC289AC99400A522C2 /* Preview Assets.xcassets */,
				9665BBF428A15A2D0091D03B /* PreviewData.swift */,
			);
			path = "Preview Content";
			sourceTree = "<group>";
		};
/* End PBXGroup section */

/* Begin PBXNativeTarget section */
		96DF62E1289AC99300A522C2 /* ExpenseTrackerTutorial */ = {
			isa = PBXNativeTarget;
			buildConfigurationList = 96DF62F0289AC99400A522C2 /* Build configuration list for PBXNativeTarget "ExpenseTrackerTutorial" */;
			buildPhases = (
				96DF62DE289AC99300A522C2 /* Sources */,
				96DF62DF289AC99300A522C2 /* Frameworks */,
				96DF62E0289AC99300A522C2 /* Resources */,
			);
			buildRules = (
			);
			dependencies = (
			);
			name = ExpenseTrackerTutorial;
			packageProductDependencies = (
				963927B828A26369003D119E /* SwiftUIFontIcon */,
				96F170C628C5F89A00D8CACE /* Collections */,
				96F170C928C5F97200D8CACE /* SwiftUICharts */,
			);
			productName = ExpenseTrackerTutorial;
			productReference = 96DF62E2289AC99300A522C2 /* ExpenseTrackerTutorial.app */;
			productType = "com.apple.product-type.application";
		};
/* End PBXNativeTarget section */

/* Begin PBXProject section */
		96DF62DA289AC99300A522C2 /* Project object */ = {
			isa = PBXProject;
			attributes = {
				BuildIndependentTargetsInParallel = 1;
				LastSwiftUpdateCheck = 1340;
				LastUpgradeCheck = 1340;
				TargetAttributes = {
					96DF62E1289AC99300A522C2 = {
						CreatedOnToolsVersion = 13.4;
					};
				};
			};
			buildConfigurationList = 96DF62DD289AC99300A522C2 /* Build configuration list for PBXProject "ExpenseTrackerTutorial" */;
			compatibilityVersion = "Xcode 13.0";
			developmentRegion = en;
			hasScannedForEncodings = 0;
			knownRegions = (
				en,
				Base,
			);
			mainGroup = 96DF62D9289AC99300A522C2;
			packageReferences = (
				963927B728A26369003D119E /* XCRemoteSwiftPackageReference "SwiftUIFontIcon" */,
				96F170C528C5F89A00D8CACE /* XCRemoteSwiftPackageReference "swift-collections" */,
				96F170C828C5F97200D8CACE /* XCRemoteSwiftPackageReference "ChartView" */,
			);
			productRefGroup = 96DF62E3289AC99300A522C2 /* Products */;
			projectDirPath = "";
			projectRoot = "";
			targets = (
				96DF62E1289AC99300A522C2 /* ExpenseTrackerTutorial */,
			);
		};
/* End PBXProject section */

/* Begin PBXResourcesBuildPhase section */
		96DF62E0289AC99300A522C2 /* Resources */ = {
			isa = PBXResourcesBuildPhase;
			buildActionMask = 2147483647;
			files = (
				96DF62ED289AC99400A522C2 /* Preview Assets.xcassets in Resources */,
				96DF62EA289AC99400A522C2 /* Assets.xcassets in Resources */,
			);
			runOnlyForDeploymentPostprocessing = 0;
		};
/* End PBXResourcesBuildPhase section */

/* Begin PBXSourcesBuildPhase section */
		96DF62DE289AC99300A522C2 /* Sources */ = {
			isa = PBXSourcesBuildPhase;
			buildActionMask = 2147483647;
			files = (
				9665BBF528A15A2D0091D03B /* PreviewData.swift in Sources */,
				96F170C428C5F1EF00D8CACE /* TransactionList.swift in Sources */,
				963927BE28A26A08003D119E /* RecentTransactionList.swift in Sources */,
				9665BBF128A159370091D03B /* TransactionModel.swift in Sources */,
				96DF62E8289AC99300A522C2 /* ContentView.swift in Sources */,
				9665BBF728A15AC80091D03B /* TransactionRow.swift in Sources */,
				9665BBEF28A155F10091D03B /* Extensions.swift in Sources */,
				963927BC28A2643C003D119E /* TransactionListViewModel.swift in Sources */,
				96DF62E6289AC99300A522C2 /* ExpenseTrackerTutorialApp.swift in Sources */,
			);
			runOnlyForDeploymentPostprocessing = 0;
		};
/* End PBXSourcesBuildPhase section */

/* Begin XCBuildConfiguration section */
		96DF62EE289AC99400A522C2 /* Debug */ = {
			isa = XCBuildConfiguration;
			buildSettings = {
				ALWAYS_SEARCH_USER_PATHS = NO;
				CLANG_ANALYZER_NONNULL = YES;
				CLANG_ANALYZER_NUMBER_OBJECT_CONVERSION = YES_AGGRESSIVE;
				CLANG_CXX_LANGUAGE_STANDARD = "gnu++17";
				CLANG_ENABLE_MODULES = YES;
				CLANG_ENABLE_OBJC_ARC = YES;
				CLANG_ENABLE_OBJC_WEAK = YES;
				CLANG_WARN_BLOCK_CAPTURE_AUTORELEASING = YES;
				CLANG_WARN_BOOL_CONVERSION = YES;
				CLANG_WARN_COMMA = YES;
				CLANG_WARN_CONSTANT_CONVERSION = YES;
				CLANG_WARN_DEPRECATED_OBJC_IMPLEMENTATIONS = YES;
				CLANG_WARN_DIRECT_OBJC_ISA_USAGE = YES_ERROR;
				CLANG_WARN_DOCUMENTATION_COMMENTS = YES;
				CLANG_WARN_EMPTY_BODY = YES;
				CLANG_WARN_ENUM_CONVERSION = YES;
				CLANG_WARN_INFINITE_RECURSION = YES;
				CLANG_WARN_INT_CONVERSION = YES;
				CLANG_WARN_NON_LITERAL_NULL_CONVERSION = YES;
				CLANG_WARN_OBJC_IMPLICIT_RETAIN_SELF = YES;
				CLANG_WARN_OBJC_LITERAL_CONVERSION = YES;
				CLANG_WARN_OBJC_ROOT_CLASS = YES_ERROR;
				CLANG_WARN_QUOTED_INCLUDE_IN_FRAMEWORK_HEADER = YES;
				CLANG_WARN_RANGE_LOOP_ANALYSIS = YES;
				CLANG_WARN_STRICT_PROTOTYPES = YES;
				CLANG_WARN_SUSPICIOUS_MOVE = YES;
				CLANG_WARN_UNGUARDED_AVAILABILITY = YES_AGGRESSIVE;
				CLANG_WARN_UNREACHABLE_CODE = YES;
				CLANG_WARN__DUPLICATE_METHOD_MATCH = YES;
				COPY_PHASE_STRIP = NO;
				DEBUG_INFORMATION_FORMAT = dwarf;
				ENABLE_STRICT_OBJC_MSGSEND = YES;
				ENABLE_TESTABILITY = YES;
				GCC_C_LANGUAGE_STANDARD = gnu11;
				GCC_DYNAMIC_NO_PIC = NO;
				GCC_NO_COMMON_BLOCKS = YES;
				GCC_OPTIMIZATION_LEVEL = 0;
				GCC_PREPROCESSOR_DEFINITIONS = (
					"DEBUG=1",
					"$(inherited)",
				);
				GCC_WARN_64_TO_32_BIT_CONVERSION = YES;
				GCC_WARN_ABOUT_RETURN_TYPE = YES_ERROR;
				GCC_WARN_UNDECLARED_SELECTOR = YES;
				GCC_WARN_UNINITIALIZED_AUTOS = YES_AGGRESSIVE;
				GCC_WARN_UNUSED_FUNCTION = YES;
				GCC_WARN_UNUSED_VARIABLE = YES;
				IPHONEOS_DEPLOYMENT_TARGET = 15.5;
				MTL_ENABLE_DEBUG_INFO = INCLUDE_SOURCE;
				MTL_FAST_MATH = YES;
				ONLY_ACTIVE_ARCH = YES;
				SDKROOT = iphoneos;
				SWIFT_ACTIVE_COMPILATION_CONDITIONS = DEBUG;
				SWIFT_OPTIMIZATION_LEVEL = "-Onone";
			};
			name = Debug;
		};
		96DF62EF289AC99400A522C2 /* Release */ = {
			isa = XCBuildConfiguration;
			buildSettings = {
				ALWAYS_SEARCH_USER_PATHS = NO;
				CLANG_ANALYZER_NONNULL = YES;
				CLANG_ANALYZER_NUMBER_OBJECT_CONVERSION = YES_AGGRESSIVE;
				CLANG_CXX_LANGUAGE_STANDARD = "gnu++17";
				CLANG_ENABLE_MODULES = YES;
				CLANG_ENABLE_OBJC_ARC = YES;
				CLANG_ENABLE_OBJC_WEAK = YES;
				CLANG_WARN_BLOCK_CAPTURE_AUTORELEASING = YES;
				CLANG_WARN_BOOL_CONVERSION = YES;
				CLANG_WARN_COMMA = YES;
				CLANG_WARN_CONSTANT_CONVERSION = YES;
				CLANG_WARN_DEPRECATED_OBJC_IMPLEMENTATIONS = YES;
				CLANG_WARN_DIRECT_OBJC_ISA_USAGE = YES_ERROR;
				CLANG_WARN_DOCUMENTATION_COMMENTS = YES;
				CLANG_WARN_EMPTY_BODY = YES;
				CLANG_WARN_ENUM_CONVERSION = YES;
				CLANG_WARN_INFINITE_RECURSION = YES;
				CLANG_WARN_INT_CONVERSION = YES;
				CLANG_WARN_NON_LITERAL_NULL_CONVERSION = YES;
				CLANG_WARN_OBJC_IMPLICIT_RETAIN_SELF = YES;
				CLANG_WARN_OBJC_LITERAL_CONVERSION = YES;
				CLANG_WARN_OBJC_ROOT_CLASS = YES_ERROR;
				CLANG_WARN_QUOTED_INCLUDE_IN_FRAMEWORK_HEADER = YES;
				CLANG_WARN_RANGE_LOOP_ANALYSIS = YES;
				CLANG_WARN_STRICT_PROTOTYPES = YES;
				CLANG_WARN_SUSPICIOUS_MOVE = YES;
				CLANG_WARN_UNGUARDED_AVAILABILITY = YES_AGGRESSIVE;
				CLANG_WARN_UNREACHABLE_CODE = YES;
				CLANG_WARN__DUPLICATE_METHOD_MATCH = YES;
				COPY_PHASE_STRIP = NO;
				DEBUG_INFORMATION_FORMAT = "dwarf-with-dsym";
				ENABLE_NS_ASSERTIONS = NO;
				ENABLE_STRICT_OBJC_MSGSEND = YES;
				GCC_C_LANGUAGE_STANDARD = gnu11;
				GCC_NO_COMMON_BLOCKS = YES;
				GCC_WARN_64_TO_32_BIT_CONVERSION = YES;
				GCC_WARN_ABOUT_RETURN_TYPE = YES_ERROR;
				GCC_WARN_UNDECLARED_SELECTOR = YES;
				GCC_WARN_UNINITIALIZED_AUTOS = YES_AGGRESSIVE;
				GCC_WARN_UNUSED_FUNCTION = YES;
				GCC_WARN_UNUSED_VARIABLE = YES;
				IPHONEOS_DEPLOYMENT_TARGET = 15.5;
				MTL_ENABLE_DEBUG_INFO = NO;
				MTL_FAST_MATH = YES;
				SDKROOT = iphoneos;
				SWIFT_COMPILATION_MODE = wholemodule;
				SWIFT_OPTIMIZATION_LEVEL = "-O";
				VALIDATE_PRODUCT = YES;
			};
			name = Release;
		};
		96DF62F1289AC99400A522C2 /* Debug */ = {
			isa = XCBuildConfiguration;
			buildSettings = {
				ASSETCATALOG_COMPILER_APPICON_NAME = AppIcon;
				ASSETCATALOG_COMPILER_GLOBAL_ACCENT_COLOR_NAME = AccentColor;
				CODE_SIGN_STYLE = Automatic;
				CURRENT_PROJECT_VERSION = 1;
				DEVELOPMENT_ASSET_PATHS = "\"ExpenseTrackerTutorial/Preview Content\"";
				DEVELOPMENT_TEAM = 953MN679AJ;
				ENABLE_PREVIEWS = YES;
				GENERATE_INFOPLIST_FILE = YES;
				INFOPLIST_KEY_UIApplicationSceneManifest_Generation = YES;
				INFOPLIST_KEY_UIApplicationSupportsIndirectInputEvents = YES;
				INFOPLIST_KEY_UILaunchScreen_Generation = YES;
				INFOPLIST_KEY_UISupportedInterfaceOrientations_iPad = "UIInterfaceOrientationPortrait UIInterfaceOrientationPortraitUpsideDown UIInterfaceOrientationLandscapeLeft UIInterfaceOrientationLandscapeRight";
				INFOPLIST_KEY_UISupportedInterfaceOrientations_iPhone = "UIInterfaceOrientationPortrait UIInterfaceOrientationLandscapeLeft UIInterfaceOrientationLandscapeRight";
				IPHONEOS_DEPLOYMENT_TARGET = 15.2;
				LD_RUNPATH_SEARCH_PATHS = (
					"$(inherited)",
					"@executable_path/Frameworks",
				);
				MARKETING_VERSION = 1.0;
				PRODUCT_BUNDLE_IDENTIFIER = com.one1color.expensetracker;
				PRODUCT_NAME = "$(TARGET_NAME)";
				SWIFT_EMIT_LOC_STRINGS = YES;
				SWIFT_VERSION = 5.0;
				TARGETED_DEVICE_FAMILY = "1,2";
			};
			name = Debug;
		};
		96DF62F2289AC99400A522C2 /* Release */ = {
			isa = XCBuildConfiguration;
			buildSettings = {
				ASSETCATALOG_COMPILER_APPICON_NAME = AppIcon;
				ASSETCATALOG_COMPILER_GLOBAL_ACCENT_COLOR_NAME = AccentColor;
				CODE_SIGN_STYLE = Automatic;
				CURRENT_PROJECT_VERSION = 1;
				DEVELOPMENT_ASSET_PATHS = "\"ExpenseTrackerTutorial/Preview Content\"";
				DEVELOPMENT_TEAM = 953MN679AJ;
				ENABLE_PREVIEWS = YES;
				GENERATE_INFOPLIST_FILE = YES;
				INFOPLIST_KEY_UIApplicationSceneManifest_Generation = YES;
				INFOPLIST_KEY_UIApplicationSupportsIndirectInputEvents = YES;
				INFOPLIST_KEY_UILaunchScreen_Generation = YES;
				INFOPLIST_KEY_UISupportedInterfaceOrientations_iPad = "UIInterfaceOrientationPortrait UIInterfaceOrientationPortraitUpsideDown UIInterfaceOrientationLandscapeLeft UIInterfaceOrientationLandscapeRight";
				INFOPLIST_KEY_UISupportedInterfaceOrientations_iPhone = "UIInterfaceOrientationPortrait UIInterfaceOrientationLandscapeLeft UIInterfaceOrientationLandscapeRight";
				IPHONEOS_DEPLOYMENT_TARGET = 15.2;
				LD_RUNPATH_SEARCH_PATHS = (
					"$(inherited)",
					"@executable_path/Frameworks",
				);
				MARKETING_VERSION = 1.0;
				PRODUCT_BUNDLE_IDENTIFIER = com.one1color.expensetracker;
				PRODUCT_NAME = "$(TARGET_NAME)";
				SWIFT_EMIT_LOC_STRINGS = YES;
				SWIFT_VERSION = 5.0;
				TARGETED_DEVICE_FAMILY = "1,2";
			};
			name = Release;
		};
/* End XCBuildConfiguration section */

/* Begin XCConfigurationList section */
		96DF62DD289AC99300A522C2 /* Build configuration list for PBXProject "ExpenseTrackerTutorial" */ = {
			isa = XCConfigurationList;
			buildConfigurations = (
				96DF62EE289AC99400A522C2 /* Debug */,
				96DF62EF289AC99400A522C2 /* Release */,
			);
			defaultConfigurationIsVisible = 0;
			defaultConfigurationName = Release;
		};
		96DF62F0289AC99400A522C2 /* Build configuration list for PBXNativeTarget "ExpenseTrackerTutorial" */ = {
			isa = XCConfigurationList;
			buildConfigurations = (
				96DF62F1289AC99400A522C2 /* Debug */,
				96DF62F2289AC99400A522C2 /* Release */,
			);
			defaultConfigurationIsVisible = 0;
			defaultConfigurationName = Release;
		};
/* End XCConfigurationList section */

/* Begin XCRemoteSwiftPackageReference section */
		963927B728A26369003D119E /* XCRemoteSwiftPackageReference "SwiftUIFontIcon" */ = {
			isa = XCRemoteSwiftPackageReference;
			repositoryURL = "https://github.com/huybuidac/SwiftUIFontIcon";
			requirement = {
				branch = master;
				kind = branch;
			};
		};
		96F170C528C5F89A00D8CACE /* XCRemoteSwiftPackageReference "swift-collections" */ = {
			isa = XCRemoteSwiftPackageReference;
			repositoryURL = "https://github.com/apple/swift-collections.git";
			requirement = {
				kind = upToNextMajorVersion;
				minimumVersion = 1.0.3;
			};
		};
		96F170C828C5F97200D8CACE /* XCRemoteSwiftPackageReference "ChartView" */ = {
			isa = XCRemoteSwiftPackageReference;
			repositoryURL = "https://github.com/AppPear/ChartView";
			requirement = {
				kind = exactVersion;
				version = "2.0.0-beta.2";
			};
		};
/* End XCRemoteSwiftPackageReference section */

/* Begin XCSwiftPackageProductDependency section */
		963927B828A26369003D119E /* SwiftUIFontIcon */ = {
			isa = XCSwiftPackageProductDependency;
			package = 963927B728A26369003D119E /* XCRemoteSwiftPackageReference "SwiftUIFontIcon" */;
			productName = SwiftUIFontIcon;
		};
		96F170C628C5F89A00D8CACE /* Collections */ = {
			isa = XCSwiftPackageProductDependency;
			package = 96F170C528C5F89A00D8CACE /* XCRemoteSwiftPackageReference "swift-collections" */;
			productName = Collections;
		};
		96F170C928C5F97200D8CACE /* SwiftUICharts */ = {
			isa = XCSwiftPackageProductDependency;
			package = 96F170C828C5F97200D8CACE /* XCRemoteSwiftPackageReference "ChartView" */;
			productName = SwiftUICharts;
		};
/* End XCSwiftPackageProductDependency section */
	};
	rootObject = 96DF62DA289AC99300A522C2 /* Project object */;
}
